
Microsoft Visual Studio Solution File, Format Version 12.00
# Visual Studio Version 17
VisualStudioVersion = 17.5.33516.290
MinimumVisualStudioVersion = 10.0.40219.1
Project("{FAE04EC0-301F-11D3-BF4B-00C04F79EFBC}") = "Proyecto_Experiencias_Formativas4", "Proyecto_Experiencias_Formativas4\Proyecto_Experiencias_Formativas4.csproj", "{BB23877A-A33F-4C08-A0FC-3435AA97593B}"
EndProject
Global
	GlobalSection(SolutionConfigurationPlatforms) = preSolution
		Debug|Any CPU = Debug|Any CPU
		Release|Any CPU = Release|Any CPU
	EndGlobalSection
	GlobalSection(ProjectConfigurationPlatforms) = postSolution
		{BB23877A-A33F-4C08-A0FC-3435AA97593B}.Debug|Any CPU.ActiveCfg = Debug|Any CPU
		{BB23877A-A33F-4C08-A0FC-3435AA97593B}.Debug|Any CPU.Build.0 = Debug|Any CPU
		{BB23877A-A33F-4C08-A0FC-3435AA97593B}.Release|Any CPU.ActiveCfg = Release|Any CPU
		{BB23877A-A33F-4C08-A0FC-3435AA97593B}.Release|Any CPU.Build.0 = Release|Any CPU
	EndGlobalSection
	GlobalSection(SolutionProperties) = preSolution
		HideSolutionNode = FALSE
	EndGlobalSection
	GlobalSection(ExtensibilityGlobals) = postSolution
		SolutionGuid = {87AF905D-F84A-4092-8139-7100CE04E99F}
	EndGlobalSection
EndGlobal
